
Microsoft Visual Studio Solution File, Format Version 12.00
# Visual Studio Version 17
VisualStudioVersion = 17.8.34511.84
MinimumVisualStudioVersion = 10.0.40219.1
Project("{9A19103F-16F7-4668-BE54-9A1E7A4F7556}") = "POC.Web", "POC-Global-9\POC.Web\POC.Web.csproj", "{FDF3A963-B86D-4E8F-A6FF-7C545E6E07B8}"
EndProject
Project("{9A19103F-16F7-4668-BE54-9A1E7A4F7556}") = "POC.Dados", "POC-Global-9\POC.Dados\POC.Dados.csproj", "{892A8B1C-7027-4190-B77E-3D86B9F649BE}"
EndProject
Project("{9A19103F-16F7-4668-BE54-9A1E7A4F7556}") = "POC.Negocio", "POC-Global-9\POC.Negocio\POC.Negocio.csproj", "{C50C8666-70D0-4890-8B43-F4340C8DF399}"
EndProject
Project("{9A19103F-16F7-4668-BE54-9A1E7A4F7556}") = "POC.Domain", "POC-Global-9\POC.Domain\POC.Domain.csproj", "{665F37BB-6E68-46ED-AC53-70F3D2D49CB0}"
EndProject
Global
	GlobalSection(SolutionConfigurationPlatforms) = preSolution
		Debug|Any CPU = Debug|Any CPU
		Debug|x64 = Debug|x64
		Debug|x86 = Debug|x86
		Development|Any CPU = Development|Any CPU
		Development|x64 = Development|x64
		Development|x86 = Development|x86
		Release|Any CPU = Release|Any CPU
		Release|x64 = Release|x64
		Release|x86 = Release|x86
	EndGlobalSection
	GlobalSection(ProjectConfigurationPlatforms) = postSolution
		{FDF3A963-B86D-4E8F-A6FF-7C545E6E07B8}.Debug|Any CPU.ActiveCfg = Debug|Any CPU
		{FDF3A963-B86D-4E8F-A6FF-7C545E6E07B8}.Debug|Any CPU.Build.0 = Debug|Any CPU
		{FDF3A963-B86D-4E8F-A6FF-7C545E6E07B8}.Debug|x64.ActiveCfg = Debug|x64
		{FDF3A963-B86D-4E8F-A6FF-7C545E6E07B8}.Debug|x64.Build.0 = Debug|x64
		{FDF3A963-B86D-4E8F-A6FF-7C545E6E07B8}.Debug|x86.ActiveCfg = Debug|x86
		{FDF3A963-B86D-4E8F-A6FF-7C545E6E07B8}.Debug|x86.Build.0 = Debug|x86
		{FDF3A963-B86D-4E8F-A6FF-7C545E6E07B8}.Development|Any CPU.ActiveCfg = Development|Any CPU
		{FDF3A963-B86D-4E8F-A6FF-7C545E6E07B8}.Development|Any CPU.Build.0 = Development|Any CPU
		{FDF3A963-B86D-4E8F-A6FF-7C545E6E07B8}.Development|x64.ActiveCfg = Development|x64
		{FDF3A963-B86D-4E8F-A6FF-7C545E6E07B8}.Development|x64.Build.0 = Development|x64
		{FDF3A963-B86D-4E8F-A6FF-7C545E6E07B8}.Development|x86.ActiveCfg = Development|x86
		{FDF3A963-B86D-4E8F-A6FF-7C545E6E07B8}.Development|x86.Build.0 = Development|x86
		{FDF3A963-B86D-4E8F-A6FF-7C545E6E07B8}.Release|Any CPU.ActiveCfg = Release|Any CPU
		{FDF3A963-B86D-4E8F-A6FF-7C545E6E07B8}.Release|Any CPU.Build.0 = Release|Any CPU
		{FDF3A963-B86D-4E8F-A6FF-7C545E6E07B8}.Release|x64.ActiveCfg = Release|x64
		{FDF3A963-B86D-4E8F-A6FF-7C545E6E07B8}.Release|x64.Build.0 = Release|x64
		{FDF3A963-B86D-4E8F-A6FF-7C545E6E07B8}.Release|x86.ActiveCfg = Release|x86
		{FDF3A963-B86D-4E8F-A6FF-7C545E6E07B8}.Release|x86.Build.0 = Release|x86
		{892A8B1C-7027-4190-B77E-3D86B9F649BE}.Debug|Any CPU.ActiveCfg = Debug|Any CPU
		{892A8B1C-7027-4190-B77E-3D86B9F649BE}.Debug|Any CPU.Build.0 = Debug|Any CPU
		{892A8B1C-7027-4190-B77E-3D86B9F649BE}.Debug|x64.ActiveCfg = Debug|x64
		{892A8B1C-7027-4190-B77E-3D86B9F649BE}.Debug|x64.Build.0 = Debug|x64
		{892A8B1C-7027-4190-B77E-3D86B9F649BE}.Debug|x86.ActiveCfg = Debug|x86
		{892A8B1C-7027-4190-B77E-3D86B9F649BE}.Debug|x86.Build.0 = Debug|x86
		{892A8B1C-7027-4190-B77E-3D86B9F649BE}.Development|Any CPU.ActiveCfg = Development|Any CPU
		{892A8B1C-7027-4190-B77E-3D86B9F649BE}.Development|Any CPU.Build.0 = Development|Any CPU
		{892A8B1C-7027-4190-B77E-3D86B9F649BE}.Development|x64.ActiveCfg = Development|x64
		{892A8B1C-7027-4190-B77E-3D86B9F649BE}.Development|x64.Build.0 = Development|x64
		{892A8B1C-7027-4190-B77E-3D86B9F649BE}.Development|x86.ActiveCfg = Development|x86
		{892A8B1C-7027-4190-B77E-3D86B9F649BE}.Development|x86.Build.0 = Development|x86
		{892A8B1C-7027-4190-B77E-3D86B9F649BE}.Release|Any CPU.ActiveCfg = Release|Any CPU
		{892A8B1C-7027-4190-B77E-3D86B9F649BE}.Release|Any CPU.Build.0 = Release|Any CPU
		{892A8B1C-7027-4190-B77E-3D86B9F649BE}.Release|x64.ActiveCfg = Release|x64
		{892A8B1C-7027-4190-B77E-3D86B9F649BE}.Release|x64.Build.0 = Release|x64
		{892A8B1C-7027-4190-B77E-3D86B9F649BE}.Release|x86.ActiveCfg = Release|x86
		{892A8B1C-7027-4190-B77E-3D86B9F649BE}.Release|x86.Build.0 = Release|x86
		{C50C8666-70D0-4890-8B43-F4340C8DF399}.Debug|Any CPU.ActiveCfg = Debug|Any CPU
		{C50C8666-70D0-4890-8B43-F4340C8DF399}.Debug|Any CPU.Build.0 = Debug|Any CPU
		{C50C8666-70D0-4890-8B43-F4340C8DF399}.Debug|x64.ActiveCfg = Debug|x64
		{C50C8666-70D0-4890-8B43-F4340C8DF399}.Debug|x64.Build.0 = Debug|x64
		{C50C8666-70D0-4890-8B43-F4340C8DF399}.Debug|x86.ActiveCfg = Debug|x86
		{C50C8666-70D0-4890-8B43-F4340C8DF399}.Debug|x86.Build.0 = Debug|x86
		{C50C8666-70D0-4890-8B43-F4340C8DF399}.Development|Any CPU.ActiveCfg = Development|Any CPU
		{C50C8666-70D0-4890-8B43-F4340C8DF399}.Development|Any CPU.Build.0 = Development|Any CPU
		{C50C8666-70D0-4890-8B43-F4340C8DF399}.Development|x64.ActiveCfg = Development|x64
		{C50C8666-70D0-4890-8B43-F4340C8DF399}.Development|x64.Build.0 = Development|x64
		{C50C8666-70D0-4890-8B43-F4340C8DF399}.Development|x86.ActiveCfg = Development|x86
		{C50C8666-70D0-4890-8B43-F4340C8DF399}.Development|x86.Build.0 = Development|x86
		{C50C8666-70D0-4890-8B43-F4340C8DF399}.Release|Any CPU.ActiveCfg = Release|Any CPU
		{C50C8666-70D0-4890-8B43-F4340C8DF399}.Release|Any CPU.Build.0 = Release|Any CPU
		{C50C8666-70D0-4890-8B43-F4340C8DF399}.Release|x64.ActiveCfg = Release|x64
		{C50C8666-70D0-4890-8B43-F4340C8DF399}.Release|x64.Build.0 = Release|x64
		{C50C8666-70D0-4890-8B43-F4340C8DF399}.Release|x86.ActiveCfg = Release|x86
		{C50C8666-70D0-4890-8B43-F4340C8DF399}.Release|x86.Build.0 = Release|x86
		{665F37BB-6E68-46ED-AC53-70F3D2D49CB0}.Debug|Any CPU.ActiveCfg = Debug|Any CPU
		{665F37BB-6E68-46ED-AC53-70F3D2D49CB0}.Debug|Any CPU.Build.0 = Debug|Any CPU
		{665F37BB-6E68-46ED-AC53-70F3D2D49CB0}.Debug|x64.ActiveCfg = Debug|x64
		{665F37BB-6E68-46ED-AC53-70F3D2D49CB0}.Debug|x64.Build.0 = Debug|x64
		{665F37BB-6E68-46ED-AC53-70F3D2D49CB0}.Debug|x86.ActiveCfg = Debug|x86
		{665F37BB-6E68-46ED-AC53-70F3D2D49CB0}.Debug|x86.Build.0 = Debug|x86
		{665F37BB-6E68-46ED-AC53-70F3D2D49CB0}.Development|Any CPU.ActiveCfg = Development|Any CPU
		{665F37BB-6E68-46ED-AC53-70F3D2D49CB0}.Development|Any CPU.Build.0 = Development|Any CPU
		{665F37BB-6E68-46ED-AC53-70F3D2D49CB0}.Development|x64.ActiveCfg = Development|x64
		{665F37BB-6E68-46ED-AC53-70F3D2D49CB0}.Development|x64.Build.0 = Development|x64
		{665F37BB-6E68-46ED-AC53-70F3D2D49CB0}.Development|x86.ActiveCfg = Development|x86
		{665F37BB-6E68-46ED-AC53-70F3D2D49CB0}.Development|x86.Build.0 = Development|x86
		{665F37BB-6E68-46ED-AC53-70F3D2D49CB0}.Release|Any CPU.ActiveCfg = Release|Any CPU
		{665F37BB-6E68-46ED-AC53-70F3D2D49CB0}.Release|Any CPU.Build.0 = Release|Any CPU
		{665F37BB-6E68-46ED-AC53-70F3D2D49CB0}.Release|x64.ActiveCfg = Release|x64
		{665F37BB-6E68-46ED-AC53-70F3D2D49CB0}.Release|x64.Build.0 = Release|x64
		{665F37BB-6E68-46ED-AC53-70F3D2D49CB0}.Release|x86.ActiveCfg = Release|x86
		{665F37BB-6E68-46ED-AC53-70F3D2D49CB0}.Release|x86.Build.0 = Release|x86
	EndGlobalSection
	GlobalSection(SolutionProperties) = preSolution
		HideSolutionNode = FALSE
	EndGlobalSection
	GlobalSection(ExtensibilityGlobals) = postSolution
		SolutionGuid = {7E679EBA-4076-4812-A7C1-2A73DB8C95D2}
	EndGlobalSection
EndGlobal
